
Microsoft Visual Studio Solution File, Format Version 12.00
# Visual Studio Version 17
VisualStudioVersion = 17.10.34916.146
MinimumVisualStudioVersion = 10.0.40219.1
Project("{FAE04EC0-301F-11D3-BF4B-00C04F79EFBC}") = "emircan_karaca_227017046_döviz_takip", "emircan_karaca_227017046_döviz_takip.csproj", "{2AA040BA-2F61-48E4-AAC0-4FD8A544B2DE}"
EndProject
Global
	GlobalSection(SolutionConfigurationPlatforms) = preSolution
		Debug|Any CPU = Debug|Any CPU
		Release|Any CPU = Release|Any CPU
	EndGlobalSection
	GlobalSection(ProjectConfigurationPlatforms) = postSolution
		{2AA040BA-2F61-48E4-AAC0-4FD8A544B2DE}.Debug|Any CPU.ActiveCfg = Debug|Any CPU
		{2AA040BA-2F61-48E4-AAC0-4FD8A544B2DE}.Debug|Any CPU.Build.0 = Debug|Any CPU
		{2AA040BA-2F61-48E4-AAC0-4FD8A544B2DE}.Release|Any CPU.ActiveCfg = Release|Any CPU
		{2AA040BA-2F61-48E4-AAC0-4FD8A544B2DE}.Release|Any CPU.Build.0 = Release|Any CPU
	EndGlobalSection
	GlobalSection(SolutionProperties) = preSolution
		HideSolutionNode = FALSE
	EndGlobalSection
	GlobalSection(ExtensibilityGlobals) = postSolution
		SolutionGuid = {F205CEE1-5850-4D46-8E4B-3EA4EB368937}
	EndGlobalSection
EndGlobal
